
Microsoft Visual Studio Solution File, Format Version 12.00
# Visual Studio Version 17
VisualStudioVersion = 17.8.34525.116
MinimumVisualStudioVersion = 10.0.40219.1
Project("{9A19103F-16F7-4668-BE54-9A1E7A4F7556}") = "AT_PrisonersDilemma", "AT_PrisonersDilemma\AT_PrisonersDilemma.csproj", "{04BD8747-E278-484D-9C33-20CB8FFF2515}"
EndProject
Project("{FAE04EC0-301F-11D3-BF4B-00C04F79EFBC}") = "WebHttpSim", "WebHttpSim\WebHttpSim.csproj", "{ED4F216C-4837-4D4F-8545-F9DE93DA595C}"
EndProject
Global
	GlobalSection(SolutionConfigurationPlatforms) = preSolution
		Debug|Any CPU = Debug|Any CPU
		Release|Any CPU = Release|Any CPU
	EndGlobalSection
	GlobalSection(ProjectConfigurationPlatforms) = postSolution
		{04BD8747-E278-484D-9C33-20CB8FFF2515}.Debug|Any CPU.ActiveCfg = Debug|Any CPU
		{04BD8747-E278-484D-9C33-20CB8FFF2515}.Debug|Any CPU.Build.0 = Debug|Any CPU
		{04BD8747-E278-484D-9C33-20CB8FFF2515}.Release|Any CPU.ActiveCfg = Release|Any CPU
		{04BD8747-E278-484D-9C33-20CB8FFF2515}.Release|Any CPU.Build.0 = Release|Any CPU
		{ED4F216C-4837-4D4F-8545-F9DE93DA595C}.Debug|Any CPU.ActiveCfg = Debug|Any CPU
		{ED4F216C-4837-4D4F-8545-F9DE93DA595C}.Debug|Any CPU.Build.0 = Debug|Any CPU
		{ED4F216C-4837-4D4F-8545-F9DE93DA595C}.Release|Any CPU.ActiveCfg = Release|Any CPU
		{ED4F216C-4837-4D4F-8545-F9DE93DA595C}.Release|Any CPU.Build.0 = Release|Any CPU
	EndGlobalSection
	GlobalSection(SolutionProperties) = preSolution
		HideSolutionNode = FALSE
	EndGlobalSection
	GlobalSection(ExtensibilityGlobals) = postSolution
		SolutionGuid = {CD04AA6A-CB1D-4F6D-A67E-FDD124A71B20}
	EndGlobalSection
EndGlobal
